// !$*UTF8*$!
{
	archiveVersion = 1;
	classes = {
	};
	objectVersion = 50;
	objects = {

/* Begin PBXBuildFile section */
		7D148DEE23CEAB8F00192FEF /* AppDelegate.swift in Sources */ = {isa = PBXBuildFile; fileRef = 7D148DED23CEAB8F00192FEF /* AppDelegate.swift */; };
		7D148DF023CEAB8F00192FEF /* SceneDelegate.swift in Sources */ = {isa = PBXBuildFile; fileRef = 7D148DEF23CEAB8F00192FEF /* SceneDelegate.swift */; };
		7D148DF223CEAB8F00192FEF /* ViewController.swift in Sources */ = {isa = PBXBuildFile; fileRef = 7D148DF123CEAB8F00192FEF /* ViewController.swift */; };
		7D148DF523CEAB8F00192FEF /* Main.storyboard in Resources */ = {isa = PBXBuildFile; fileRef = 7D148DF323CEAB8F00192FEF /* Main.storyboard */; };
		7D148DF723CEAB9000192FEF /* Assets.xcassets in Resources */ = {isa = PBXBuildFile; fileRef = 7D148DF623CEAB9000192FEF /* Assets.xcassets */; };
		7D148DFA23CEAB9000192FEF /* LaunchScreen.storyboard in Resources */ = {isa = PBXBuildFile; fileRef = 7D148DF823CEAB9000192FEF /* LaunchScreen.storyboard */; };
		7D148E0523CEAB9100192FEF /* RecipezeTests.swift in Sources */ = {isa = PBXBuildFile; fileRef = 7D148E0423CEAB9100192FEF /* RecipezeTests.swift */; };
		7D148E1023CEAB9100192FEF /* RecipezeUITests.swift in Sources */ = {isa = PBXBuildFile; fileRef = 7D148E0F23CEAB9100192FEF /* RecipezeUITests.swift */; };
/* End PBXBuildFile section */

/* Begin PBXContainerItemProxy section */
		7D148E0123CEAB9100192FEF /* PBXContainerItemProxy */ = {
			isa = PBXContainerItemProxy;
			containerPortal = 7D148DE223CEAB8F00192FEF /* Project object */;
			proxyType = 1;
			remoteGlobalIDString = 7D148DE923CEAB8F00192FEF;
			remoteInfo = Recipeze;
		};
		7D148E0C23CEAB9100192FEF /* PBXContainerItemProxy */ = {
			isa = PBXContainerItemProxy;
			containerPortal = 7D148DE223CEAB8F00192FEF /* Project object */;
			proxyType = 1;
			remoteGlobalIDString = 7D148DE923CEAB8F00192FEF;
			remoteInfo = Recipeze;
		};
/* End PBXContainerItemProxy section */

/* Begin PBXFileReference section */
		7D148DEA23CEAB8F00192FEF /* Recipeze.app */ = {isa = PBXFileReference; explicitFileType = wrapper.application; includeInIndex = 0; path = Recipeze.app; sourceTree = BUILT_PRODUCTS_DIR; };
		7D148DED23CEAB8F00192FEF /* AppDelegate.swift */ = {isa = PBXFileReference; lastKnownFileType = sourcecode.swift; path = AppDelegate.swift; sourceTree = "<group>"; };
		7D148DEF23CEAB8F00192FEF /* SceneDelegate.swift */ = {isa = PBXFileReference; lastKnownFileType = sourcecode.swift; path = SceneDelegate.swift; sourceTree = "<group>"; };
		7D148DF123CEAB8F00192FEF /* ViewController.swift */ = {isa = PBXFileReference; lastKnownFileType = sourcecode.swift; path = ViewController.swift; sourceTree = "<group>"; };
		7D148DF423CEAB8F00192FEF /* Base */ = {isa = PBXFileReference; lastKnownFileType = file.storyboard; name = Base; path = Base.lproj/Main.storyboard; sourceTree = "<group>"; };
		7D148DF623CEAB9000192FEF /* Assets.xcassets */ = {isa = PBXFileReference; lastKnownFileType = folder.assetcatalog; path = Assets.xcassets; sourceTree = "<group>"; };
		7D148DF923CEAB9000192FEF /* Base */ = {isa = PBXFileReference; lastKnownFileType = file.storyboard; name = Base; path = Base.lproj/LaunchScreen.storyboard; sourceTree = "<group>"; };
		7D148DFB23CEAB9000192FEF /* Info.plist */ = {isa = PBXFileReference; lastKnownFileType = text.plist.xml; path = Info.plist; sourceTree = "<group>"; };
		7D148E0023CEAB9100192FEF /* RecipezeTests.xctest */ = {isa = PBXFileReference; explicitFileType = wrapper.cfbundle; includeInIndex = 0; path = RecipezeTests.xctest; sourceTree = BUILT_PRODUCTS_DIR; };
		7D148E0423CEAB9100192FEF /* RecipezeTests.swift */ = {isa = PBXFileReference; lastKnownFileType = sourcecode.swift; path = RecipezeTests.swift; sourceTree = "<group>"; };
		7D148E0623CEAB9100192FEF /* Info.plist */ = {isa = PBXFileReference; lastKnownFileType = text.plist.xml; path = Info.plist; sourceTree = "<group>"; };
		7D148E0B23CEAB9100192FEF /* RecipezeUITests.xctest */ = {isa = PBXFileReference; explicitFileType = wrapper.cfbundle; includeInIndex = 0; path = RecipezeUITests.xctest; sourceTree = BUILT_PRODUCTS_DIR; };
		7D148E0F23CEAB9100192FEF /* RecipezeUITests.swift */ = {isa = PBXFileReference; lastKnownFileType = sourcecode.swift; path = RecipezeUITests.swift; sourceTree = "<group>"; };
		7D148E1123CEAB9100192FEF /* Info.plist */ = {isa = PBXFileReference; lastKnownFileType = text.plist.xml; path = Info.plist; sourceTree = "<group>"; };
/* End PBXFileReference section */

/* Begin PBXFrameworksBuildPhase section */
		7D148DE723CEAB8F00192FEF /* Frameworks */ = {
			isa = PBXFrameworksBuildPhase;
			buildActionMask = 2147483647;
			files = (
			);
			runOnlyForDeploymentPostprocessing = 0;
		};
		7D148DFD23CEAB9100192FEF /* Frameworks */ = {
			isa = PBXFrameworksBuildPhase;
			buildActionMask = 2147483647;
			files = (
			);
			runOnlyForDeploymentPostprocessing = 0;
		};
		7D148E0823CEAB9100192FEF /* Frameworks */ = {
			isa = PBXFrameworksBuildPhase;
			buildActionMask = 2147483647;
			files = (
			);
			runOnlyForDeploymentPostprocessing = 0;
		};
/* End PBXFrameworksBuildPhase section */

/* Begin PBXGroup section */
		7D148DE123CEAB8F00192FEF = {
			isa = PBXGroup;
			children = (
				7D148DEC23CEAB8F00192FEF /* Recipeze */,
				7D148E0323CEAB9100192FEF /* RecipezeTests */,
				7D148E0E23CEAB9100192FEF /* RecipezeUITests */,
				7D148DEB23CEAB8F00192FEF /* Products */,
			);
			sourceTree = "<group>";
		};
		7D148DEB23CEAB8F00192FEF /* Products */ = {
			isa = PBXGroup;
			children = (
				7D148DEA23CEAB8F00192FEF /* Recipeze.app */,
				7D148E0023CEAB9100192FEF /* RecipezeTests.xctest */,
				7D148E0B23CEAB9100192FEF /* RecipezeUITests.xctest */,
			);
			name = Products;
			sourceTree = "<group>";
		};
		7D148DEC23CEAB8F00192FEF /* Recipeze */ = {
			isa = PBXGroup;
			children = (
				7D148DED23CEAB8F00192FEF /* AppDelegate.swift */,
				7D148DEF23CEAB8F00192FEF /* SceneDelegate.swift */,
				7D148DF123CEAB8F00192FEF /* ViewController.swift */,
				7D148DF323CEAB8F00192FEF /* Main.storyboard */,
				7D148DF623CEAB9000192FEF /* Assets.xcassets */,
				7D148DF823CEAB9000192FEF /* LaunchScreen.storyboard */,
				7D148DFB23CEAB9000192FEF /* Info.plist */,
			);
			path = Recipeze;
			sourceTree = "<group>";
		};
		7D148E0323CEAB9100192FEF /* RecipezeTests */ = {
			isa = PBXGroup;
			children = (
				7D148E0423CEAB9100192FEF /* RecipezeTests.swift */,
				7D148E0623CEAB9100192FEF /* Info.plist */,
			);
			path = RecipezeTests;
			sourceTree = "<group>";
		};
		7D148E0E23CEAB9100192FEF /* RecipezeUITests */ = {
			isa = PBXGroup;
			children = (
				7D148E0F23CEAB9100192FEF /* RecipezeUITests.swift */,
				7D148E1123CEAB9100192FEF /* Info.plist */,
			);
			path = RecipezeUITests;
			sourceTree = "<group>";
		};
/* End PBXGroup section */

/* Begin PBXNativeTarget section */
		7D148DE923CEAB8F00192FEF /* Recipeze */ = {
			isa = PBXNativeTarget;
			buildConfigurationList = 7D148E1423CEAB9100192FEF /* Build configuration list for PBXNativeTarget "Recipeze" */;
			buildPhases = (
				7D148DE623CEAB8F00192FEF /* Sources */,
				7D148DE723CEAB8F00192FEF /* Frameworks */,
				7D148DE823CEAB8F00192FEF /* Resources */,
			);
			buildRules = (
			);
			dependencies = (
			);
			name = Recipeze;
			productName = Recipeze;
			productReference = 7D148DEA23CEAB8F00192FEF /* Recipeze.app */;
			productType = "com.apple.product-type.application";
		};
		7D148DFF23CEAB9100192FEF /* RecipezeTests */ = {
			isa = PBXNativeTarget;
			buildConfigurationList = 7D148E1723CEAB9100192FEF /* Build configuration list for PBXNativeTarget "RecipezeTests" */;
			buildPhases = (
				7D148DFC23CEAB9100192FEF /* Sources */,
				7D148DFD23CEAB9100192FEF /* Frameworks */,
				7D148DFE23CEAB9100192FEF /* Resources */,
			);
			buildRules = (
			);
			dependencies = (
				7D148E0223CEAB9100192FEF /* PBXTargetDependency */,
			);
			name = RecipezeTests;
			productName = RecipezeTests;
			productReference = 7D148E0023CEAB9100192FEF /* RecipezeTests.xctest */;
			productType = "com.apple.product-type.bundle.unit-test";
		};
		7D148E0A23CEAB9100192FEF /* RecipezeUITests */ = {
			isa = PBXNativeTarget;
			buildConfigurationList = 7D148E1A23CEAB9100192FEF /* Build configuration list for PBXNativeTarget "RecipezeUITests" */;
			buildPhases = (
				7D148E0723CEAB9100192FEF /* Sources */,
				7D148E0823CEAB9100192FEF /* Frameworks */,
				7D148E0923CEAB9100192FEF /* Resources */,
			);
			buildRules = (
			);
			dependencies = (
				7D148E0D23CEAB9100192FEF /* PBXTargetDependency */,
			);
			name = RecipezeUITests;
			productName = RecipezeUITests;
			productReference = 7D148E0B23CEAB9100192FEF /* RecipezeUITests.xctest */;
			productType = "com.apple.product-type.bundle.ui-testing";
		};
/* End PBXNativeTarget section */

/* Begin PBXProject section */
		7D148DE223CEAB8F00192FEF /* Project object */ = {
			isa = PBXProject;
			attributes = {
				LastSwiftUpdateCheck = 1130;
				LastUpgradeCheck = 1130;
				ORGANIZATIONNAME = "Darshan Bhatta";
				TargetAttributes = {
					7D148DE923CEAB8F00192FEF = {
						CreatedOnToolsVersion = 11.3;
					};
					7D148DFF23CEAB9100192FEF = {
						CreatedOnToolsVersion = 11.3;
						TestTargetID = 7D148DE923CEAB8F00192FEF;
					};
					7D148E0A23CEAB9100192FEF = {
						CreatedOnToolsVersion = 11.3;
						TestTargetID = 7D148DE923CEAB8F00192FEF;
					};
				};
			};
			buildConfigurationList = 7D148DE523CEAB8F00192FEF /* Build configuration list for PBXProject "Recipeze" */;
			compatibilityVersion = "Xcode 9.3";
			developmentRegion = en;
			hasScannedForEncodings = 0;
			knownRegions = (
				en,
				Base,
			);
			mainGroup = 7D148DE123CEAB8F00192FEF;
			productRefGroup = 7D148DEB23CEAB8F00192FEF /* Products */;
			projectDirPath = "";
			projectRoot = "";
			targets = (
				7D148DE923CEAB8F00192FEF /* Recipeze */,
				7D148DFF23CEAB9100192FEF /* RecipezeTests */,
				7D148E0A23CEAB9100192FEF /* RecipezeUITests */,
			);
		};
/* End PBXProject section */

/* Begin PBXResourcesBuildPhase section */
		7D148DE823CEAB8F00192FEF /* Resources */ = {
			isa = PBXResourcesBuildPhase;
			buildActionMask = 2147483647;
			files = (
				7D148DFA23CEAB9000192FEF /* LaunchScreen.storyboard in Resources */,
				7D148DF723CEAB9000192FEF /* Assets.xcassets in Resources */,
				7D148DF523CEAB8F00192FEF /* Main.storyboard in Resources */,
			);
			runOnlyForDeploymentPostprocessing = 0;
		};
		7D148DFE23CEAB9100192FEF /* Resources */ = {
			isa = PBXResourcesBuildPhase;
			buildActionMask = 2147483647;
			files = (
			);
			runOnlyForDeploymentPostprocessing = 0;
		};
		7D148E0923CEAB9100192FEF /* Resources */ = {
			isa = PBXResourcesBuildPhase;
			buildActionMask = 2147483647;
			files = (
			);
			runOnlyForDeploymentPostprocessing = 0;
		};
/* End PBXResourcesBuildPhase section */

/* Begin PBXSourcesBuildPhase section */
		7D148DE623CEAB8F00192FEF /* Sources */ = {
			isa = PBXSourcesBuildPhase;
			buildActionMask = 2147483647;
			files = (
				7D148DF223CEAB8F00192FEF /* ViewController.swift in Sources */,
				7D148DEE23CEAB8F00192FEF /* AppDelegate.swift in Sources */,
				7D148DF023CEAB8F00192FEF /* SceneDelegate.swift in Sources */,
			);
			runOnlyForDeploymentPostprocessing = 0;
		};
		7D148DFC23CEAB9100192FEF /* Sources */ = {
			isa = PBXSourcesBuildPhase;
			buildActionMask = 2147483647;
			files = (
				7D148E0523CEAB9100192FEF /* RecipezeTests.swift in Sources */,
			);
			runOnlyForDeploymentPostprocessing = 0;
		};
		7D148E0723CEAB9100192FEF /* Sources */ = {
			isa = PBXSourcesBuildPhase;
			buildActionMask = 2147483647;
			files = (
				7D148E1023CEAB9100192FEF /* RecipezeUITests.swift in Sources */,
			);
			runOnlyForDeploymentPostprocessing = 0;
		};
/* End PBXSourcesBuildPhase section */

/* Begin PBXTargetDependency section */
		7D148E0223CEAB9100192FEF /* PBXTargetDependency */ = {
			isa = PBXTargetDependency;
			target = 7D148DE923CEAB8F00192FEF /* Recipeze */;
			targetProxy = 7D148E0123CEAB9100192FEF /* PBXContainerItemProxy */;
		};
		7D148E0D23CEAB9100192FEF /* PBXTargetDependency */ = {
			isa = PBXTargetDependency;
			target = 7D148DE923CEAB8F00192FEF /* Recipeze */;
			targetProxy = 7D148E0C23CEAB9100192FEF /* PBXContainerItemProxy */;
		};
/* End PBXTargetDependency section */

/* Begin PBXVariantGroup section */
		7D148DF323CEAB8F00192FEF /* Main.storyboard */ = {
			isa = PBXVariantGroup;
			children = (
				7D148DF423CEAB8F00192FEF /* Base */,
			);
			name = Main.storyboard;
			sourceTree = "<group>";
		};
		7D148DF823CEAB9000192FEF /* LaunchScreen.storyboard */ = {
			isa = PBXVariantGroup;
			children = (
				7D148DF923CEAB9000192FEF /* Base */,
			);
			name = LaunchScreen.storyboard;
			sourceTree = "<group>";
		};
/* End PBXVariantGroup section */

/* Begin XCBuildConfiguration section */
		7D148E1223CEAB9100192FEF /* Debug */ = {
			isa = XCBuildConfiguration;
			buildSettings = {
				ALWAYS_SEARCH_USER_PATHS = NO;
				CLANG_ANALYZER_NONNULL = YES;
				CLANG_ANALYZER_NUMBER_OBJECT_CONVERSION = YES_AGGRESSIVE;
				CLANG_CXX_LANGUAGE_STANDARD = "gnu++14";
				CLANG_CXX_LIBRARY = "libc++";
				CLANG_ENABLE_MODULES = YES;
				CLANG_ENABLE_OBJC_ARC = YES;
				CLANG_ENABLE_OBJC_WEAK = YES;
				CLANG_WARN_BLOCK_CAPTURE_AUTORELEASING = YES;
				CLANG_WARN_BOOL_CONVERSION = YES;
				CLANG_WARN_COMMA = YES;
				CLANG_WARN_CONSTANT_CONVERSION = YES;
				CLANG_WARN_DEPRECATED_OBJC_IMPLEMENTATIONS = YES;
				CLANG_WARN_DIRECT_OBJC_ISA_USAGE = YES_ERROR;
				CLANG_WARN_DOCUMENTATION_COMMENTS = YES;
				CLANG_WARN_EMPTY_BODY = YES;
				CLANG_WARN_ENUM_CONVERSION = YES;
				CLANG_WARN_INFINITE_RECURSION = YES;
				CLANG_WARN_INT_CONVERSION = YES;
				CLANG_WARN_NON_LITERAL_NULL_CONVERSION = YES;
				CLANG_WARN_OBJC_IMPLICIT_RETAIN_SELF = YES;
				CLANG_WARN_OBJC_LITERAL_CONVERSION = YES;
				CLANG_WARN_OBJC_ROOT_CLASS = YES_ERROR;
				CLANG_WARN_RANGE_LOOP_ANALYSIS = YES;
				CLANG_WARN_STRICT_PROTOTYPES = YES;
				CLANG_WARN_SUSPICIOUS_MOVE = YES;
				CLANG_WARN_UNGUARDED_AVAILABILITY = YES_AGGRESSIVE;
				CLANG_WARN_UNREACHABLE_CODE = YES;
				CLANG_WARN__DUPLICATE_METHOD_MATCH = YES;
				COPY_PHASE_STRIP = NO;
				DEBUG_INFORMATION_FORMAT = dwarf;
				ENABLE_STRICT_OBJC_MSGSEND = YES;
				ENABLE_TESTABILITY = YES;
				GCC_C_LANGUAGE_STANDARD = gnu11;
				GCC_DYNAMIC_NO_PIC = NO;
				GCC_NO_COMMON_BLOCKS = YES;
				GCC_OPTIMIZATION_LEVEL = 0;
				GCC_PREPROCESSOR_DEFINITIONS = (
					"DEBUG=1",
					"$(inherited)",
				);
				GCC_WARN_64_TO_32_BIT_CONVERSION = YES;
				GCC_WARN_ABOUT_RETURN_TYPE = YES_ERROR;
				GCC_WARN_UNDECLARED_SELECTOR = YES;
				GCC_WARN_UNINITIALIZED_AUTOS = YES_AGGRESSIVE;
				GCC_WARN_UNUSED_FUNCTION = YES;
				GCC_WARN_UNUSED_VARIABLE = YES;
				IPHONEOS_DEPLOYMENT_TARGET = 13.2;
				MTL_ENABLE_DEBUG_INFO = INCLUDE_SOURCE;
				MTL_FAST_MATH = YES;
				ONLY_ACTIVE_ARCH = YES;
				SDKROOT = iphoneos;
				SWIFT_ACTIVE_COMPILATION_CONDITIONS = DEBUG;
				SWIFT_OPTIMIZATION_LEVEL = "-Onone";
			};
			name = Debug;
		};
		7D148E1323CEAB9100192FEF /* Release */ = {
			isa = XCBuildConfiguration;
			buildSettings = {
				ALWAYS_SEARCH_USER_PATHS = NO;
				CLANG_ANALYZER_NONNULL = YES;
				CLANG_ANALYZER_NUMBER_OBJECT_CONVERSION = YES_AGGRESSIVE;
				CLANG_CXX_LANGUAGE_STANDARD = "gnu++14";
				CLANG_CXX_LIBRARY = "libc++";
				CLANG_ENABLE_MODULES = YES;
				CLANG_ENABLE_OBJC_ARC = YES;
				CLANG_ENABLE_OBJC_WEAK = YES;
				CLANG_WARN_BLOCK_CAPTURE_AUTORELEASING = YES;
				CLANG_WARN_BOOL_CONVERSION = YES;
				CLANG_WARN_COMMA = YES;
				CLANG_WARN_CONSTANT_CONVERSION = YES;
				CLANG_WARN_DEPRECATED_OBJC_IMPLEMENTATIONS = YES;
				CLANG_WARN_DIRECT_OBJC_ISA_USAGE = YES_ERROR;
				CLANG_WARN_DOCUMENTATION_COMMENTS = YES;
				CLANG_WARN_EMPTY_BODY = YES;
				CLANG_WARN_ENUM_CONVERSION = YES;
				CLANG_WARN_INFINITE_RECURSION = YES;
				CLANG_WARN_INT_CONVERSION = YES;
				CLANG_WARN_NON_LITERAL_NULL_CONVERSION = YES;
				CLANG_WARN_OBJC_IMPLICIT_RETAIN_SELF = YES;
				CLANG_WARN_OBJC_LITERAL_CONVERSION = YES;
				CLANG_WARN_OBJC_ROOT_CLASS = YES_ERROR;
				CLANG_WARN_RANGE_LOOP_ANALYSIS = YES;
				CLANG_WARN_STRICT_PROTOTYPES = YES;
				CLANG_WARN_SUSPICIOUS_MOVE = YES;
				CLANG_WARN_UNGUARDED_AVAILABILITY = YES_AGGRESSIVE;
				CLANG_WARN_UNREACHABLE_CODE = YES;
				CLANG_WARN__DUPLICATE_METHOD_MATCH = YES;
				COPY_PHASE_STRIP = NO;
				DEBUG_INFORMATION_FORMAT = "dwarf-with-dsym";
				ENABLE_NS_ASSERTIONS = NO;
				ENABLE_STRICT_OBJC_MSGSEND = YES;
				GCC_C_LANGUAGE_STANDARD = gnu11;
				GCC_NO_COMMON_BLOCKS = YES;
				GCC_WARN_64_TO_32_BIT_CONVERSION = YES;
				GCC_WARN_ABOUT_RETURN_TYPE = YES_ERROR;
				GCC_WARN_UNDECLARED_SELECTOR = YES;
				GCC_WARN_UNINITIALIZED_AUTOS = YES_AGGRESSIVE;
				GCC_WARN_UNUSED_FUNCTION = YES;
				GCC_WARN_UNUSED_VARIABLE = YES;
				IPHONEOS_DEPLOYMENT_TARGET = 13.2;
				MTL_ENABLE_DEBUG_INFO = NO;
				MTL_FAST_MATH = YES;
				SDKROOT = iphoneos;
				SWIFT_COMPILATION_MODE = wholemodule;
				SWIFT_OPTIMIZATION_LEVEL = "-O";
				VALIDATE_PRODUCT = YES;
			};
			name = Release;
		};
		7D148E1523CEAB9100192FEF /* Debug */ = {
			isa = XCBuildConfiguration;
			buildSettings = {
				ASSETCATALOG_COMPILER_APPICON_NAME = AppIcon;
				CODE_SIGN_STYLE = Automatic;
				DEVELOPMENT_TEAM = VPAPHKRK22;
				INFOPLIST_FILE = Recipeze/Info.plist;
				LD_RUNPATH_SEARCH_PATHS = (
					"$(inherited)",
					"@executable_path/Frameworks",
				);
				PRODUCT_BUNDLE_IDENTIFIER = com.darshanbhatta.Recipeze;
				PRODUCT_NAME = "$(TARGET_NAME)";
				SWIFT_VERSION = 5.0;
				TARGETED_DEVICE_FAMILY = "1,2";
			};
			name = Debug;
		};
		7D148E1623CEAB9100192FEF /* Release */ = {
			isa = XCBuildConfiguration;
			buildSettings = {
				ASSETCATALOG_COMPILER_APPICON_NAME = AppIcon;
				CODE_SIGN_STYLE = Automatic;
				DEVELOPMENT_TEAM = VPAPHKRK22;
				INFOPLIST_FILE = Recipeze/Info.plist;
				LD_RUNPATH_SEARCH_PATHS = (
					"$(inherited)",
					"@executable_path/Frameworks",
				);
				PRODUCT_BUNDLE_IDENTIFIER = com.darshanbhatta.Recipeze;
				PRODUCT_NAME = "$(TARGET_NAME)";
				SWIFT_VERSION = 5.0;
				TARGETED_DEVICE_FAMILY = "1,2";
			};
			name = Release;
		};
		7D148E1823CEAB9100192FEF /* Debug */ = {
			isa = XCBuildConfiguration;
			buildSettings = {
				ALWAYS_EMBED_SWIFT_STANDARD_LIBRARIES = YES;
				BUNDLE_LOADER = "$(TEST_HOST)";
				CODE_SIGN_STYLE = Automatic;
				DEVELOPMENT_TEAM = VPAPHKRK22;
				INFOPLIST_FILE = RecipezeTests/Info.plist;
				IPHONEOS_DEPLOYMENT_TARGET = 13.2;
				LD_RUNPATH_SEARCH_PATHS = (
					"$(inherited)",
					"@executable_path/Frameworks",
					"@loader_path/Frameworks",
				);
				PRODUCT_BUNDLE_IDENTIFIER = com.darshanbhatta.RecipezeTests;
				PRODUCT_NAME = "$(TARGET_NAME)";
				SWIFT_VERSION = 5.0;
				TARGETED_DEVICE_FAMILY = "1,2";
				TEST_HOST = "$(BUILT_PRODUCTS_DIR)/Recipeze.app/Recipeze";
			};
			name = Debug;
		};
		7D148E1923CEAB9100192FEF /* Release */ = {
			isa = XCBuildConfiguration;
			buildSettings = {
				ALWAYS_EMBED_SWIFT_STANDARD_LIBRARIES = YES;
				BUNDLE_LOADER = "$(TEST_HOST)";
				CODE_SIGN_STYLE = Automatic;
				DEVELOPMENT_TEAM = VPAPHKRK22;
				INFOPLIST_FILE = RecipezeTests/Info.plist;
				IPHONEOS_DEPLOYMENT_TARGET = 13.2;
				LD_RUNPATH_SEARCH_PATHS = (
					"$(inherited)",
					"@executable_path/Frameworks",
					"@loader_path/Frameworks",
				);
				PRODUCT_BUNDLE_IDENTIFIER = com.darshanbhatta.RecipezeTests;
				PRODUCT_NAME = "$(TARGET_NAME)";
				SWIFT_VERSION = 5.0;
				TARGETED_DEVICE_FAMILY = "1,2";
				TEST_HOST = "$(BUILT_PRODUCTS_DIR)/Recipeze.app/Recipeze";
			};
			name = Release;
		};
		7D148E1B23CEAB9100192FEF /* Debug */ = {
			isa = XCBuildConfiguration;
			buildSettings = {
				ALWAYS_EMBED_SWIFT_STANDARD_LIBRARIES = YES;
				CODE_SIGN_STYLE = Automatic;
				DEVELOPMENT_TEAM = VPAPHKRK22;
				INFOPLIST_FILE = RecipezeUITests/Info.plist;
				LD_RUNPATH_SEARCH_PATHS = (
					"$(inherited)",
					"@executable_path/Frameworks",
					"@loader_path/Frameworks",
				);
				PRODUCT_BUNDLE_IDENTIFIER = com.darshanbhatta.RecipezeUITests;
				PRODUCT_NAME = "$(TARGET_NAME)";
				SWIFT_VERSION = 5.0;
				TARGETED_DEVICE_FAMILY = "1,2";
				TEST_TARGET_NAME = Recipeze;
			};
			name = Debug;
		};
		7D148E1C23CEAB9100192FEF /* Release */ = {
			isa = XCBuildConfiguration;
			buildSettings = {
				ALWAYS_EMBED_SWIFT_STANDARD_LIBRARIES = YES;
				CODE_SIGN_STYLE = Automatic;
				DEVELOPMENT_TEAM = VPAPHKRK22;
				INFOPLIST_FILE = RecipezeUITests/Info.plist;
				LD_RUNPATH_SEARCH_PATHS = (
					"$(inherited)",
					"@executable_path/Frameworks",
					"@loader_path/Frameworks",
				);
				PRODUCT_BUNDLE_IDENTIFIER = com.darshanbhatta.RecipezeUITests;
				PRODUCT_NAME = "$(TARGET_NAME)";
				SWIFT_VERSION = 5.0;
				TARGETED_DEVICE_FAMILY = "1,2";
				TEST_TARGET_NAME = Recipeze;
			};
			name = Release;
		};
/* End XCBuildConfiguration section */

/* Begin XCConfigurationList section */
		7D148DE523CEAB8F00192FEF /* Build configuration list for PBXProject "Recipeze" */ = {
			isa = XCConfigurationList;
			buildConfigurations = (
				7D148E1223CEAB9100192FEF /* Debug */,
				7D148E1323CEAB9100192FEF /* Release */,
			);
			defaultConfigurationIsVisible = 0;
			defaultConfigurationName = Release;
		};
		7D148E1423CEAB9100192FEF /* Build configuration list for PBXNativeTarget "Recipeze" */ = {
			isa = XCConfigurationList;
			buildConfigurations = (
				7D148E1523CEAB9100192FEF /* Debug */,
				7D148E1623CEAB9100192FEF /* Release */,
			);
			defaultConfigurationIsVisible = 0;
			defaultConfigurationName = Release;
		};
		7D148E1723CEAB9100192FEF /* Build configuration list for PBXNativeTarget "RecipezeTests" */ = {
			isa = XCConfigurationList;
			buildConfigurations = (
				7D148E1823CEAB9100192FEF /* Debug */,
				7D148E1923CEAB9100192FEF /* Release */,
			);
			defaultConfigurationIsVisible = 0;
			defaultConfigurationName = Release;
		};
		7D148E1A23CEAB9100192FEF /* Build configuration list for PBXNativeTarget "RecipezeUITests" */ = {
			isa = XCConfigurationList;
			buildConfigurations = (
				7D148E1B23CEAB9100192FEF /* Debug */,
				7D148E1C23CEAB9100192FEF /* Release */,
			);
			defaultConfigurationIsVisible = 0;
			defaultConfigurationName = Release;
		};
/* End XCConfigurationList section */
	};
	rootObject = 7D148DE223CEAB8F00192FEF /* Project object */;
}
